
Microsoft Visual Studio Solution File, Format Version 12.00
# Visual Studio Version 17
VisualStudioVersion = 17.9.34723.18
MinimumVisualStudioVersion = 10.0.40219.1
Project("{2150E333-8FDC-42A3-9474-1A3956D46DE8}") = "B - Clean Code", "B - Clean Code", "{37DAAD61-19EC-4B7F-99A9-12BA0DE53133}"
EndProject
Project("{9A19103F-16F7-4668-BE54-9A1E7A4F7556}") = "04 - Clean Code Begin", "B\04 - Clean Code Begin\04 - Clean Code Begin.csproj", "{50157D8D-D361-4982-A4C9-AEB547F93084}"
EndProject
Project("{9A19103F-16F7-4668-BE54-9A1E7A4F7556}") = "04 - Clean Code Complete", "B\04 - Clean Code Complete\04 - Clean Code Complete.csproj", "{29E3CA19-0B40-43D2-AF6E-8B7A6672497C}"
EndProject
Project("{2150E333-8FDC-42A3-9474-1A3956D46DE8}") = "C - Exception Do's and Don'ts", "C - Exception Do's and Don'ts", "{60E01ECA-2031-44A5-BF5F-E8367BFFAFAC}"
EndProject
Project("{9A19103F-16F7-4668-BE54-9A1E7A4F7556}") = "16 - Custom Exceptions Begin", "C\16 - Custom Exceptions Begin\16 - Custom Exceptions Begin.csproj", "{D060A355-2B76-48EE-8CB6-053E8EE252BD}"
EndProject
Project("{9A19103F-16F7-4668-BE54-9A1E7A4F7556}") = "16 - Custom Exceptions Complete", "C\16 - Custom Exceptions Complete\16 - Custom Exceptions Complete.csproj", "{F1D71843-F7AA-44BE-A48F-446A3AC2A833}"
EndProject
Project("{9A19103F-16F7-4668-BE54-9A1E7A4F7556}") = "18 - Fatal", "C\18 - Fatal\18 - Fatal.csproj", "{AE0D3203-387C-4A73-8A5D-F728DB5A582C}"
EndProject
Project("{9A19103F-16F7-4668-BE54-9A1E7A4F7556}") = "20 - Vexing", "C\20 - Vexing\20 - Vexing.csproj", "{6B768F50-07F7-4ABF-ACA1-DBDB7CD6A577}"
EndProject
Project("{9A19103F-16F7-4668-BE54-9A1E7A4F7556}") = "21 - Exogenous", "C\21 - Exogenous\21 - Exogenous.csproj", "{0B3139D0-A1AB-442D-8DC4-E55ECA58AB35}"
EndProject
Project("{9A19103F-16F7-4668-BE54-9A1E7A4F7556}") = "22 - Result Object Pattern Begin", "C\22 - Result Object Pattern Begin\22 - Result Object Pattern Begin.csproj", "{EFB0619B-920D-443D-8BD0-1BDC09C299BA}"
EndProject
Project("{9A19103F-16F7-4668-BE54-9A1E7A4F7556}") = "22 - Result Object Pattern Complete", "C\22 - Result Object Pattern Complete\22 - Result Object Pattern Complete.csproj", "{A8BB35DA-CBE1-4DCA-AB04-0564662954B9}"
EndProject
Project("{2150E333-8FDC-42A3-9474-1A3956D46DE8}") = "D - Code Complexity", "D - Code Complexity", "{6A54E9E5-BDF7-4C00-9933-EE666A143ED8}"
EndProject
Project("{9A19103F-16F7-4668-BE54-9A1E7A4F7556}") = "26 - Cyclomatic Complexity Begin", "D\26 - Cyclomatic Complexity Begin\26 - Cyclomatic Complexity Begin.csproj", "{BAAA35DE-0E12-4342-B1F0-B0E9BF861D54}"
EndProject
Project("{9A19103F-16F7-4668-BE54-9A1E7A4F7556}") = "26 - Cyclomatic Complexity Complete", "D\26 - Cyclomatic Complexity Complete\26 - Cyclomatic Complexity Complete.csproj", "{D1AF4C17-8FDD-43D0-AD3C-AC201CED759D}"
EndProject
Project("{9A19103F-16F7-4668-BE54-9A1E7A4F7556}") = "29 - Class Coupling Begin", "D\29 - Class Coupling Begin\29 - Class Coupling Begin.csproj", "{2923EDF3-280A-4915-A6E6-940AF164E4CD}"
EndProject
Project("{9A19103F-16F7-4668-BE54-9A1E7A4F7556}") = "29 - Class Coupling Complete", "D\29 - Class Coupling Complete\29 - Class Coupling Complete.csproj", "{81D2958C-F849-44F6-B409-C91400685D05}"
EndProject
Project("{9A19103F-16F7-4668-BE54-9A1E7A4F7556}") = "31 - Primitive Obsession Begin", "E\31 - Primitive Obsession Begin\31 - Primitive Obsession Begin.csproj", "{33AEBAFE-1935-4574-AA05-7C66A15BFA41}"
EndProject
Project("{9A19103F-16F7-4668-BE54-9A1E7A4F7556}") = "32 - Primitive Obsession Complete", "E\32 - Primitive Obsession Complete\32 - Primitive Obsession Complete.csproj", "{9ADFEE54-E23C-41EA-9884-34CD667B243D}"
EndProject
Project("{2150E333-8FDC-42A3-9474-1A3956D46DE8}") = "E - Curing Primitive Obsession", "E - Curing Primitive Obsession", "{22842B92-271A-43BB-A782-491F3138048A}"
EndProject
Project("{9A19103F-16F7-4668-BE54-9A1E7A4F7556}") = "19 - Boneheaded", "C\19 - Boneheaded\19 - Boneheaded.csproj", "{761D5B4A-321D-4AE5-9856-6941A108948F}"
EndProject
Project("{2150E333-8FDC-42A3-9474-1A3956D46DE8}") = "A - Nullable Reference Types and Records", "A - Nullable Reference Types and Records", "{83FF8D9D-CA3C-49C3-8239-75A0D9409233}"
EndProject
Project("{9A19103F-16F7-4668-BE54-9A1E7A4F7556}") = "01 - Nullable Reference Types", "A\01 - Nullable Reference Types\01 - Nullable Reference Types.csproj", "{647EF7F8-8F9B-466E-B0B7-3643359A5079}"
EndProject
Project("{9A19103F-16F7-4668-BE54-9A1E7A4F7556}") = "02 - Init-only Setters Before", "A\02 - Init-only Setters Before\02 - Init-only Setters Before.csproj", "{3E309ED7-88B4-4666-B82C-B87216AA514C}"
EndProject
Project("{9A19103F-16F7-4668-BE54-9A1E7A4F7556}") = "02 - Init-only Setters Complete", "A\02 - Init-only Setters Complete\02 - Init-only Setters Complete.csproj", "{B8393DBB-2EFF-4C3F-B0F1-6EA7E0378D49}"
EndProject
Project("{9A19103F-16F7-4668-BE54-9A1E7A4F7556}") = "03 - Records Before", "A\03 - Records Before\03 - Records Before.csproj", "{6B5A577C-9EC2-40FC-B0C0-5562EC05B797}"
EndProject
Project("{9A19103F-16F7-4668-BE54-9A1E7A4F7556}") = "03 - Records Complete", "A\03 - Records Complete\03 - Records Complete.csproj", "{1324322D-D909-4FEA-A58B-08944FFE7F87}"
EndProject
Project("{9A19103F-16F7-4668-BE54-9A1E7A4F7556}") = "04 - Built-in Features of Records", "A\04 - Built-in Features of Records\04 - Built-in Features of Records.csproj", "{2E9DBD0F-F000-42E9-A681-3BE7C78D7427}"
EndProject
Project("{9A19103F-16F7-4668-BE54-9A1E7A4F7556}") = "05 - Records and Inheritance", "A\05 - Records and Inheritance\05 - Records and Inheritance.csproj", "{CD153085-DB2D-4344-919C-65BB081A845D}"
EndProject
Project("{9A19103F-16F7-4668-BE54-9A1E7A4F7556}") = "06 - Required Members Begin", "A\06 - Required Members Begin\06 - Required Members Begin.csproj", "{0E522CC4-8E07-478F-B413-45CFE9576BBD}"
EndProject
Project("{9A19103F-16F7-4668-BE54-9A1E7A4F7556}") = "06 - Required Members Complete", "A\06 - Required Members Complete\06 - Required Members Complete.csproj", "{CC5307DB-1031-442F-8C7A-B63186EE14EA}"
EndProject
Project("{9A19103F-16F7-4668-BE54-9A1E7A4F7556}") = "07 - SetsRequiredMembers", "A\07 - SetsRequiredMembers\07 - SetsRequiredMembers.csproj", "{2BADD600-6FF1-40C5-93A0-9492039112DB}"
EndProject
Global
	GlobalSection(SolutionConfigurationPlatforms) = preSolution
		Debug|Any CPU = Debug|Any CPU
		Release|Any CPU = Release|Any CPU
	EndGlobalSection
	GlobalSection(ProjectConfigurationPlatforms) = postSolution
		{50157D8D-D361-4982-A4C9-AEB547F93084}.Debug|Any CPU.ActiveCfg = Debug|Any CPU
		{50157D8D-D361-4982-A4C9-AEB547F93084}.Debug|Any CPU.Build.0 = Debug|Any CPU
		{50157D8D-D361-4982-A4C9-AEB547F93084}.Release|Any CPU.ActiveCfg = Release|Any CPU
		{50157D8D-D361-4982-A4C9-AEB547F93084}.Release|Any CPU.Build.0 = Release|Any CPU
		{29E3CA19-0B40-43D2-AF6E-8B7A6672497C}.Debug|Any CPU.ActiveCfg = Debug|Any CPU
		{29E3CA19-0B40-43D2-AF6E-8B7A6672497C}.Debug|Any CPU.Build.0 = Debug|Any CPU
		{29E3CA19-0B40-43D2-AF6E-8B7A6672497C}.Release|Any CPU.ActiveCfg = Release|Any CPU
		{29E3CA19-0B40-43D2-AF6E-8B7A6672497C}.Release|Any CPU.Build.0 = Release|Any CPU
		{D060A355-2B76-48EE-8CB6-053E8EE252BD}.Debug|Any CPU.ActiveCfg = Debug|Any CPU
		{D060A355-2B76-48EE-8CB6-053E8EE252BD}.Debug|Any CPU.Build.0 = Debug|Any CPU
		{D060A355-2B76-48EE-8CB6-053E8EE252BD}.Release|Any CPU.ActiveCfg = Release|Any CPU
		{D060A355-2B76-48EE-8CB6-053E8EE252BD}.Release|Any CPU.Build.0 = Release|Any CPU
		{F1D71843-F7AA-44BE-A48F-446A3AC2A833}.Debug|Any CPU.ActiveCfg = Debug|Any CPU
		{F1D71843-F7AA-44BE-A48F-446A3AC2A833}.Debug|Any CPU.Build.0 = Debug|Any CPU
		{F1D71843-F7AA-44BE-A48F-446A3AC2A833}.Release|Any CPU.ActiveCfg = Release|Any CPU
		{F1D71843-F7AA-44BE-A48F-446A3AC2A833}.Release|Any CPU.Build.0 = Release|Any CPU
		{AE0D3203-387C-4A73-8A5D-F728DB5A582C}.Debug|Any CPU.ActiveCfg = Debug|Any CPU
		{AE0D3203-387C-4A73-8A5D-F728DB5A582C}.Debug|Any CPU.Build.0 = Debug|Any CPU
		{AE0D3203-387C-4A73-8A5D-F728DB5A582C}.Release|Any CPU.ActiveCfg = Release|Any CPU
		{AE0D3203-387C-4A73-8A5D-F728DB5A582C}.Release|Any CPU.Build.0 = Release|Any CPU
		{6B768F50-07F7-4ABF-ACA1-DBDB7CD6A577}.Debug|Any CPU.ActiveCfg = Debug|Any CPU
		{6B768F50-07F7-4ABF-ACA1-DBDB7CD6A577}.Debug|Any CPU.Build.0 = Debug|Any CPU
		{6B768F50-07F7-4ABF-ACA1-DBDB7CD6A577}.Release|Any CPU.ActiveCfg = Release|Any CPU
		{6B768F50-07F7-4ABF-ACA1-DBDB7CD6A577}.Release|Any CPU.Build.0 = Release|Any CPU
		{0B3139D0-A1AB-442D-8DC4-E55ECA58AB35}.Debug|Any CPU.ActiveCfg = Debug|Any CPU
		{0B3139D0-A1AB-442D-8DC4-E55ECA58AB35}.Debug|Any CPU.Build.0 = Debug|Any CPU
		{0B3139D0-A1AB-442D-8DC4-E55ECA58AB35}.Release|Any CPU.ActiveCfg = Release|Any CPU
		{0B3139D0-A1AB-442D-8DC4-E55ECA58AB35}.Release|Any CPU.Build.0 = Release|Any CPU
		{EFB0619B-920D-443D-8BD0-1BDC09C299BA}.Debug|Any CPU.ActiveCfg = Debug|Any CPU
		{EFB0619B-920D-443D-8BD0-1BDC09C299BA}.Debug|Any CPU.Build.0 = Debug|Any CPU
		{EFB0619B-920D-443D-8BD0-1BDC09C299BA}.Release|Any CPU.ActiveCfg = Release|Any CPU
		{EFB0619B-920D-443D-8BD0-1BDC09C299BA}.Release|Any CPU.Build.0 = Release|Any CPU
		{A8BB35DA-CBE1-4DCA-AB04-0564662954B9}.Debug|Any CPU.ActiveCfg = Debug|Any CPU
		{A8BB35DA-CBE1-4DCA-AB04-0564662954B9}.Debug|Any CPU.Build.0 = Debug|Any CPU
		{A8BB35DA-CBE1-4DCA-AB04-0564662954B9}.Release|Any CPU.ActiveCfg = Release|Any CPU
		{A8BB35DA-CBE1-4DCA-AB04-0564662954B9}.Release|Any CPU.Build.0 = Release|Any CPU
		{BAAA35DE-0E12-4342-B1F0-B0E9BF861D54}.Debug|Any CPU.ActiveCfg = Debug|Any CPU
		{BAAA35DE-0E12-4342-B1F0-B0E9BF861D54}.Debug|Any CPU.Build.0 = Debug|Any CPU
		{BAAA35DE-0E12-4342-B1F0-B0E9BF861D54}.Release|Any CPU.ActiveCfg = Release|Any CPU
		{BAAA35DE-0E12-4342-B1F0-B0E9BF861D54}.Release|Any CPU.Build.0 = Release|Any CPU
		{D1AF4C17-8FDD-43D0-AD3C-AC201CED759D}.Debug|Any CPU.ActiveCfg = Debug|Any CPU
		{D1AF4C17-8FDD-43D0-AD3C-AC201CED759D}.Debug|Any CPU.Build.0 = Debug|Any CPU
		{D1AF4C17-8FDD-43D0-AD3C-AC201CED759D}.Release|Any CPU.ActiveCfg = Release|Any CPU
		{D1AF4C17-8FDD-43D0-AD3C-AC201CED759D}.Release|Any CPU.Build.0 = Release|Any CPU
		{2923EDF3-280A-4915-A6E6-940AF164E4CD}.Debug|Any CPU.ActiveCfg = Debug|Any CPU
		{2923EDF3-280A-4915-A6E6-940AF164E4CD}.Debug|Any CPU.Build.0 = Debug|Any CPU
		{2923EDF3-280A-4915-A6E6-940AF164E4CD}.Release|Any CPU.ActiveCfg = Release|Any CPU
		{2923EDF3-280A-4915-A6E6-940AF164E4CD}.Release|Any CPU.Build.0 = Release|Any CPU
		{81D2958C-F849-44F6-B409-C91400685D05}.Debug|Any CPU.ActiveCfg = Debug|Any CPU
		{81D2958C-F849-44F6-B409-C91400685D05}.Debug|Any CPU.Build.0 = Debug|Any CPU
		{81D2958C-F849-44F6-B409-C91400685D05}.Release|Any CPU.ActiveCfg = Release|Any CPU
		{81D2958C-F849-44F6-B409-C91400685D05}.Release|Any CPU.Build.0 = Release|Any CPU
		{33AEBAFE-1935-4574-AA05-7C66A15BFA41}.Debug|Any CPU.ActiveCfg = Debug|Any CPU
		{33AEBAFE-1935-4574-AA05-7C66A15BFA41}.Debug|Any CPU.Build.0 = Debug|Any CPU
		{33AEBAFE-1935-4574-AA05-7C66A15BFA41}.Release|Any CPU.ActiveCfg = Release|Any CPU
		{33AEBAFE-1935-4574-AA05-7C66A15BFA41}.Release|Any CPU.Build.0 = Release|Any CPU
		{9ADFEE54-E23C-41EA-9884-34CD667B243D}.Debug|Any CPU.ActiveCfg = Debug|Any CPU
		{9ADFEE54-E23C-41EA-9884-34CD667B243D}.Debug|Any CPU.Build.0 = Debug|Any CPU
		{9ADFEE54-E23C-41EA-9884-34CD667B243D}.Release|Any CPU.ActiveCfg = Release|Any CPU
		{9ADFEE54-E23C-41EA-9884-34CD667B243D}.Release|Any CPU.Build.0 = Release|Any CPU
		{761D5B4A-321D-4AE5-9856-6941A108948F}.Debug|Any CPU.ActiveCfg = Debug|Any CPU
		{761D5B4A-321D-4AE5-9856-6941A108948F}.Debug|Any CPU.Build.0 = Debug|Any CPU
		{761D5B4A-321D-4AE5-9856-6941A108948F}.Release|Any CPU.ActiveCfg = Release|Any CPU
		{761D5B4A-321D-4AE5-9856-6941A108948F}.Release|Any CPU.Build.0 = Release|Any CPU
		{647EF7F8-8F9B-466E-B0B7-3643359A5079}.Debug|Any CPU.ActiveCfg = Debug|Any CPU
		{647EF7F8-8F9B-466E-B0B7-3643359A5079}.Debug|Any CPU.Build.0 = Debug|Any CPU
		{647EF7F8-8F9B-466E-B0B7-3643359A5079}.Release|Any CPU.ActiveCfg = Release|Any CPU
		{647EF7F8-8F9B-466E-B0B7-3643359A5079}.Release|Any CPU.Build.0 = Release|Any CPU
		{3E309ED7-88B4-4666-B82C-B87216AA514C}.Debug|Any CPU.ActiveCfg = Debug|Any CPU
		{3E309ED7-88B4-4666-B82C-B87216AA514C}.Debug|Any CPU.Build.0 = Debug|Any CPU
		{3E309ED7-88B4-4666-B82C-B87216AA514C}.Release|Any CPU.ActiveCfg = Release|Any CPU
		{3E309ED7-88B4-4666-B82C-B87216AA514C}.Release|Any CPU.Build.0 = Release|Any CPU
		{B8393DBB-2EFF-4C3F-B0F1-6EA7E0378D49}.Debug|Any CPU.ActiveCfg = Debug|Any CPU
		{B8393DBB-2EFF-4C3F-B0F1-6EA7E0378D49}.Debug|Any CPU.Build.0 = Debug|Any CPU
		{B8393DBB-2EFF-4C3F-B0F1-6EA7E0378D49}.Release|Any CPU.ActiveCfg = Release|Any CPU
		{B8393DBB-2EFF-4C3F-B0F1-6EA7E0378D49}.Release|Any CPU.Build.0 = Release|Any CPU
		{6B5A577C-9EC2-40FC-B0C0-5562EC05B797}.Debug|Any CPU.ActiveCfg = Debug|Any CPU
		{6B5A577C-9EC2-40FC-B0C0-5562EC05B797}.Debug|Any CPU.Build.0 = Debug|Any CPU
		{6B5A577C-9EC2-40FC-B0C0-5562EC05B797}.Release|Any CPU.ActiveCfg = Release|Any CPU
		{6B5A577C-9EC2-40FC-B0C0-5562EC05B797}.Release|Any CPU.Build.0 = Release|Any CPU
		{1324322D-D909-4FEA-A58B-08944FFE7F87}.Debug|Any CPU.ActiveCfg = Debug|Any CPU
		{1324322D-D909-4FEA-A58B-08944FFE7F87}.Debug|Any CPU.Build.0 = Debug|Any CPU
		{1324322D-D909-4FEA-A58B-08944FFE7F87}.Release|Any CPU.ActiveCfg = Release|Any CPU
		{1324322D-D909-4FEA-A58B-08944FFE7F87}.Release|Any CPU.Build.0 = Release|Any CPU
		{2E9DBD0F-F000-42E9-A681-3BE7C78D7427}.Debug|Any CPU.ActiveCfg = Debug|Any CPU
		{2E9DBD0F-F000-42E9-A681-3BE7C78D7427}.Debug|Any CPU.Build.0 = Debug|Any CPU
		{2E9DBD0F-F000-42E9-A681-3BE7C78D7427}.Release|Any CPU.ActiveCfg = Release|Any CPU
		{2E9DBD0F-F000-42E9-A681-3BE7C78D7427}.Release|Any CPU.Build.0 = Release|Any CPU
		{CD153085-DB2D-4344-919C-65BB081A845D}.Debug|Any CPU.ActiveCfg = Debug|Any CPU
		{CD153085-DB2D-4344-919C-65BB081A845D}.Debug|Any CPU.Build.0 = Debug|Any CPU
		{CD153085-DB2D-4344-919C-65BB081A845D}.Release|Any CPU.ActiveCfg = Release|Any CPU
		{CD153085-DB2D-4344-919C-65BB081A845D}.Release|Any CPU.Build.0 = Release|Any CPU
		{0E522CC4-8E07-478F-B413-45CFE9576BBD}.Debug|Any CPU.ActiveCfg = Debug|Any CPU
		{0E522CC4-8E07-478F-B413-45CFE9576BBD}.Debug|Any CPU.Build.0 = Debug|Any CPU
		{0E522CC4-8E07-478F-B413-45CFE9576BBD}.Release|Any CPU.ActiveCfg = Release|Any CPU
		{0E522CC4-8E07-478F-B413-45CFE9576BBD}.Release|Any CPU.Build.0 = Release|Any CPU
		{CC5307DB-1031-442F-8C7A-B63186EE14EA}.Debug|Any CPU.ActiveCfg = Debug|Any CPU
		{CC5307DB-1031-442F-8C7A-B63186EE14EA}.Debug|Any CPU.Build.0 = Debug|Any CPU
		{CC5307DB-1031-442F-8C7A-B63186EE14EA}.Release|Any CPU.ActiveCfg = Release|Any CPU
		{CC5307DB-1031-442F-8C7A-B63186EE14EA}.Release|Any CPU.Build.0 = Release|Any CPU
		{2BADD600-6FF1-40C5-93A0-9492039112DB}.Debug|Any CPU.ActiveCfg = Debug|Any CPU
		{2BADD600-6FF1-40C5-93A0-9492039112DB}.Debug|Any CPU.Build.0 = Debug|Any CPU
		{2BADD600-6FF1-40C5-93A0-9492039112DB}.Release|Any CPU.ActiveCfg = Release|Any CPU
		{2BADD600-6FF1-40C5-93A0-9492039112DB}.Release|Any CPU.Build.0 = Release|Any CPU
	EndGlobalSection
	GlobalSection(SolutionProperties) = preSolution
		HideSolutionNode = FALSE
	EndGlobalSection
	GlobalSection(NestedProjects) = preSolution
		{50157D8D-D361-4982-A4C9-AEB547F93084} = {37DAAD61-19EC-4B7F-99A9-12BA0DE53133}
		{29E3CA19-0B40-43D2-AF6E-8B7A6672497C} = {37DAAD61-19EC-4B7F-99A9-12BA0DE53133}
		{D060A355-2B76-48EE-8CB6-053E8EE252BD} = {60E01ECA-2031-44A5-BF5F-E8367BFFAFAC}
		{F1D71843-F7AA-44BE-A48F-446A3AC2A833} = {60E01ECA-2031-44A5-BF5F-E8367BFFAFAC}
		{AE0D3203-387C-4A73-8A5D-F728DB5A582C} = {60E01ECA-2031-44A5-BF5F-E8367BFFAFAC}
		{6B768F50-07F7-4ABF-ACA1-DBDB7CD6A577} = {60E01ECA-2031-44A5-BF5F-E8367BFFAFAC}
		{0B3139D0-A1AB-442D-8DC4-E55ECA58AB35} = {60E01ECA-2031-44A5-BF5F-E8367BFFAFAC}
		{EFB0619B-920D-443D-8BD0-1BDC09C299BA} = {60E01ECA-2031-44A5-BF5F-E8367BFFAFAC}
		{A8BB35DA-CBE1-4DCA-AB04-0564662954B9} = {60E01ECA-2031-44A5-BF5F-E8367BFFAFAC}
		{BAAA35DE-0E12-4342-B1F0-B0E9BF861D54} = {6A54E9E5-BDF7-4C00-9933-EE666A143ED8}
		{D1AF4C17-8FDD-43D0-AD3C-AC201CED759D} = {6A54E9E5-BDF7-4C00-9933-EE666A143ED8}
		{2923EDF3-280A-4915-A6E6-940AF164E4CD} = {6A54E9E5-BDF7-4C00-9933-EE666A143ED8}
		{81D2958C-F849-44F6-B409-C91400685D05} = {6A54E9E5-BDF7-4C00-9933-EE666A143ED8}
		{33AEBAFE-1935-4574-AA05-7C66A15BFA41} = {22842B92-271A-43BB-A782-491F3138048A}
		{9ADFEE54-E23C-41EA-9884-34CD667B243D} = {22842B92-271A-43BB-A782-491F3138048A}
		{761D5B4A-321D-4AE5-9856-6941A108948F} = {60E01ECA-2031-44A5-BF5F-E8367BFFAFAC}
		{647EF7F8-8F9B-466E-B0B7-3643359A5079} = {83FF8D9D-CA3C-49C3-8239-75A0D9409233}
		{3E309ED7-88B4-4666-B82C-B87216AA514C} = {83FF8D9D-CA3C-49C3-8239-75A0D9409233}
		{B8393DBB-2EFF-4C3F-B0F1-6EA7E0378D49} = {83FF8D9D-CA3C-49C3-8239-75A0D9409233}
		{6B5A577C-9EC2-40FC-B0C0-5562EC05B797} = {83FF8D9D-CA3C-49C3-8239-75A0D9409233}
		{1324322D-D909-4FEA-A58B-08944FFE7F87} = {83FF8D9D-CA3C-49C3-8239-75A0D9409233}
		{2E9DBD0F-F000-42E9-A681-3BE7C78D7427} = {83FF8D9D-CA3C-49C3-8239-75A0D9409233}
		{CD153085-DB2D-4344-919C-65BB081A845D} = {83FF8D9D-CA3C-49C3-8239-75A0D9409233}
		{0E522CC4-8E07-478F-B413-45CFE9576BBD} = {83FF8D9D-CA3C-49C3-8239-75A0D9409233}
		{CC5307DB-1031-442F-8C7A-B63186EE14EA} = {83FF8D9D-CA3C-49C3-8239-75A0D9409233}
		{2BADD600-6FF1-40C5-93A0-9492039112DB} = {83FF8D9D-CA3C-49C3-8239-75A0D9409233}
	EndGlobalSection
	GlobalSection(ExtensibilityGlobals) = postSolution
		SolutionGuid = {94430403-67AA-4D18-8C5F-DBA4B56283B0}
	EndGlobalSection
EndGlobal
